
Microsoft Visual Studio Solution File, Format Version 12.00
# Visual Studio Version 17
VisualStudioVersion = 17.11.35327.3
MinimumVisualStudioVersion = 10.0.40219.1
Project("{FAE04EC0-301F-11D3-BF4B-00C04F79EFBC}") = "EstudoAulaC#ExercicioEstruturaSequencial3", "EstudoAulaC#ExercicioEstruturaSequencial3.csproj", "{324C99D1-3745-4CDC-9D43-AECBC79DB780}"
EndProject
Global
	GlobalSection(SolutionConfigurationPlatforms) = preSolution
		Debug|Any CPU = Debug|Any CPU
		Release|Any CPU = Release|Any CPU
	EndGlobalSection
	GlobalSection(ProjectConfigurationPlatforms) = postSolution
		{324C99D1-3745-4CDC-9D43-AECBC79DB780}.Debug|Any CPU.ActiveCfg = Debug|Any CPU
		{324C99D1-3745-4CDC-9D43-AECBC79DB780}.Debug|Any CPU.Build.0 = Debug|Any CPU
		{324C99D1-3745-4CDC-9D43-AECBC79DB780}.Release|Any CPU.ActiveCfg = Release|Any CPU
		{324C99D1-3745-4CDC-9D43-AECBC79DB780}.Release|Any CPU.Build.0 = Release|Any CPU
	EndGlobalSection
	GlobalSection(SolutionProperties) = preSolution
		HideSolutionNode = FALSE
	EndGlobalSection
	GlobalSection(ExtensibilityGlobals) = postSolution
		SolutionGuid = {CB11804E-332D-4415-AC3B-FE1E10E21B86}
	EndGlobalSection
EndGlobal
