
Microsoft Visual Studio Solution File, Format Version 12.00
# Visual Studio Version 17
VisualStudioVersion = 17.12.35506.116 d17.12
MinimumVisualStudioVersion = 10.0.40219.1
Project("{FAE04EC0-301F-11D3-BF4B-00C04F79EFBC}") = "EstudoAulaC#55", "EstudoAulaC#55.csproj", "{4AE59E4E-466B-4B6D-8C32-8BB9A24563BC}"
EndProject
Global
	GlobalSection(SolutionConfigurationPlatforms) = preSolution
		Debug|Any CPU = Debug|Any CPU
		Release|Any CPU = Release|Any CPU
	EndGlobalSection
	GlobalSection(ProjectConfigurationPlatforms) = postSolution
		{4AE59E4E-466B-4B6D-8C32-8BB9A24563BC}.Debug|Any CPU.ActiveCfg = Debug|Any CPU
		{4AE59E4E-466B-4B6D-8C32-8BB9A24563BC}.Debug|Any CPU.Build.0 = Debug|Any CPU
		{4AE59E4E-466B-4B6D-8C32-8BB9A24563BC}.Release|Any CPU.ActiveCfg = Release|Any CPU
		{4AE59E4E-466B-4B6D-8C32-8BB9A24563BC}.Release|Any CPU.Build.0 = Release|Any CPU
	EndGlobalSection
	GlobalSection(SolutionProperties) = preSolution
		HideSolutionNode = FALSE
	EndGlobalSection
EndGlobal
