
Microsoft Visual Studio Solution File, Format Version 12.00
# Visual Studio Version 17
VisualStudioVersion = 17.11.35303.130
MinimumVisualStudioVersion = 10.0.40219.1
Project("{FAE04EC0-301F-11D3-BF4B-00C04F79EFBC}") = "EstudoAula19C#02", "EstudoAula19C#02.csproj", "{12887400-436D-44B3-83DD-08C25BDCB79C}"
EndProject
Global
	GlobalSection(SolutionConfigurationPlatforms) = preSolution
		Debug|Any CPU = Debug|Any CPU
		Release|Any CPU = Release|Any CPU
	EndGlobalSection
	GlobalSection(ProjectConfigurationPlatforms) = postSolution
		{12887400-436D-44B3-83DD-08C25BDCB79C}.Debug|Any CPU.ActiveCfg = Debug|Any CPU
		{12887400-436D-44B3-83DD-08C25BDCB79C}.Debug|Any CPU.Build.0 = Debug|Any CPU
		{12887400-436D-44B3-83DD-08C25BDCB79C}.Release|Any CPU.ActiveCfg = Release|Any CPU
		{12887400-436D-44B3-83DD-08C25BDCB79C}.Release|Any CPU.Build.0 = Release|Any CPU
	EndGlobalSection
	GlobalSection(SolutionProperties) = preSolution
		HideSolutionNode = FALSE
	EndGlobalSection
	GlobalSection(ExtensibilityGlobals) = postSolution
		SolutionGuid = {DAFB1B89-386C-4879-B70A-2504BB503660}
	EndGlobalSection
EndGlobal
