
Microsoft Visual Studio Solution File, Format Version 12.00
# Visual Studio Version 17
VisualStudioVersion = 17.12.35527.113 d17.12
MinimumVisualStudioVersion = 10.0.40219.1
Project("{FAE04EC0-301F-11D3-BF4B-00C04F79EFBC}") = "EstudoAulaC#ExercicioHerançaPolimorfismo2", "EstudoAulaC#ExercicioHerançaPolimorfismo2.csproj", "{796C5F86-EB1B-4151-A282-CCB400B9A7B2}"
EndProject
Global
	GlobalSection(SolutionConfigurationPlatforms) = preSolution
		Debug|Any CPU = Debug|Any CPU
		Release|Any CPU = Release|Any CPU
	EndGlobalSection
	GlobalSection(ProjectConfigurationPlatforms) = postSolution
		{796C5F86-EB1B-4151-A282-CCB400B9A7B2}.Debug|Any CPU.ActiveCfg = Debug|Any CPU
		{796C5F86-EB1B-4151-A282-CCB400B9A7B2}.Debug|Any CPU.Build.0 = Debug|Any CPU
		{796C5F86-EB1B-4151-A282-CCB400B9A7B2}.Release|Any CPU.ActiveCfg = Release|Any CPU
		{796C5F86-EB1B-4151-A282-CCB400B9A7B2}.Release|Any CPU.Build.0 = Release|Any CPU
	EndGlobalSection
	GlobalSection(SolutionProperties) = preSolution
		HideSolutionNode = FALSE
	EndGlobalSection
EndGlobal
