
Microsoft Visual Studio Solution File, Format Version 12.00
# Visual Studio Version 17
VisualStudioVersion = 17.11.35327.3
MinimumVisualStudioVersion = 10.0.40219.1
Project("{FAE04EC0-301F-11D3-BF4B-00C04F79EFBC}") = "Estudo1", "Estudo1.csproj", "{165C8F21-8259-4BB0-AF57-0E4C9F851553}"
EndProject
Global
	GlobalSection(SolutionConfigurationPlatforms) = preSolution
		Debug|Any CPU = Debug|Any CPU
		Release|Any CPU = Release|Any CPU
	EndGlobalSection
	GlobalSection(ProjectConfigurationPlatforms) = postSolution
		{165C8F21-8259-4BB0-AF57-0E4C9F851553}.Debug|Any CPU.ActiveCfg = Debug|Any CPU
		{165C8F21-8259-4BB0-AF57-0E4C9F851553}.Debug|Any CPU.Build.0 = Debug|Any CPU
		{165C8F21-8259-4BB0-AF57-0E4C9F851553}.Release|Any CPU.ActiveCfg = Release|Any CPU
		{165C8F21-8259-4BB0-AF57-0E4C9F851553}.Release|Any CPU.Build.0 = Release|Any CPU
	EndGlobalSection
	GlobalSection(SolutionProperties) = preSolution
		HideSolutionNode = FALSE
	EndGlobalSection
	GlobalSection(ExtensibilityGlobals) = postSolution
		SolutionGuid = {974446CC-907A-43A7-AFB8-515C497A351E}
	EndGlobalSection
EndGlobal
