
Microsoft Visual Studio Solution File, Format Version 12.00
# Visual Studio Version 17
VisualStudioVersion = 17.11.35303.130
MinimumVisualStudioVersion = 10.0.40219.1
Project("{FAE04EC0-301F-11D3-BF4B-00C04F79EFBC}") = "EstudoAulaC#ExercicioWhile1", "EstudoAulaC#ExercicioWhile1.csproj", "{FDDF2B04-E9AC-4A16-B163-87CD2368F02D}"
EndProject
Global
	GlobalSection(SolutionConfigurationPlatforms) = preSolution
		Debug|Any CPU = Debug|Any CPU
		Release|Any CPU = Release|Any CPU
	EndGlobalSection
	GlobalSection(ProjectConfigurationPlatforms) = postSolution
		{FDDF2B04-E9AC-4A16-B163-87CD2368F02D}.Debug|Any CPU.ActiveCfg = Debug|Any CPU
		{FDDF2B04-E9AC-4A16-B163-87CD2368F02D}.Debug|Any CPU.Build.0 = Debug|Any CPU
		{FDDF2B04-E9AC-4A16-B163-87CD2368F02D}.Release|Any CPU.ActiveCfg = Release|Any CPU
		{FDDF2B04-E9AC-4A16-B163-87CD2368F02D}.Release|Any CPU.Build.0 = Release|Any CPU
	EndGlobalSection
	GlobalSection(SolutionProperties) = preSolution
		HideSolutionNode = FALSE
	EndGlobalSection
	GlobalSection(ExtensibilityGlobals) = postSolution
		SolutionGuid = {694F28DF-6938-4595-94C3-FC1CCBFF1D02}
	EndGlobalSection
EndGlobal
