
Microsoft Visual Studio Solution File, Format Version 12.00
# Visual Studio Version 17
VisualStudioVersion = 17.12.35527.113 d17.12
MinimumVisualStudioVersion = 10.0.40219.1
Project("{FAE04EC0-301F-11D3-BF4B-00C04F79EFBC}") = "EstudoAulaC#161", "EstudoAulaC#161\EstudoAulaC#161.csproj", "{0B418BE6-424D-47CB-A379-500A6EF28901}"
EndProject
Global
	GlobalSection(SolutionConfigurationPlatforms) = preSolution
		Debug|Any CPU = Debug|Any CPU
		Release|Any CPU = Release|Any CPU
	EndGlobalSection
	GlobalSection(ProjectConfigurationPlatforms) = postSolution
		{0B418BE6-424D-47CB-A379-500A6EF28901}.Debug|Any CPU.ActiveCfg = Debug|Any CPU
		{0B418BE6-424D-47CB-A379-500A6EF28901}.Debug|Any CPU.Build.0 = Debug|Any CPU
		{0B418BE6-424D-47CB-A379-500A6EF28901}.Release|Any CPU.ActiveCfg = Release|Any CPU
		{0B418BE6-424D-47CB-A379-500A6EF28901}.Release|Any CPU.Build.0 = Release|Any CPU
	EndGlobalSection
	GlobalSection(SolutionProperties) = preSolution
		HideSolutionNode = FALSE
	EndGlobalSection
EndGlobal
