
Microsoft Visual Studio Solution File, Format Version 12.00
# Visual Studio Version 17
VisualStudioVersion = 17.11.35431.28
MinimumVisualStudioVersion = 10.0.40219.1
Project("{FAE04EC0-301F-11D3-BF4B-00C04F79EFBC}") = "EstudoAulaC#ExercicioFor4", "EstudoAulaC#ExercicioFor4.csproj", "{D281E7E8-78A3-4739-8B3A-A9C14D2332AD}"
EndProject
Global
	GlobalSection(SolutionConfigurationPlatforms) = preSolution
		Debug|Any CPU = Debug|Any CPU
		Release|Any CPU = Release|Any CPU
	EndGlobalSection
	GlobalSection(ProjectConfigurationPlatforms) = postSolution
		{D281E7E8-78A3-4739-8B3A-A9C14D2332AD}.Debug|Any CPU.ActiveCfg = Debug|Any CPU
		{D281E7E8-78A3-4739-8B3A-A9C14D2332AD}.Debug|Any CPU.Build.0 = Debug|Any CPU
		{D281E7E8-78A3-4739-8B3A-A9C14D2332AD}.Release|Any CPU.ActiveCfg = Release|Any CPU
		{D281E7E8-78A3-4739-8B3A-A9C14D2332AD}.Release|Any CPU.Build.0 = Release|Any CPU
	EndGlobalSection
	GlobalSection(SolutionProperties) = preSolution
		HideSolutionNode = FALSE
	EndGlobalSection
	GlobalSection(ExtensibilityGlobals) = postSolution
		SolutionGuid = {85B62ED0-9A37-413A-A69E-4B9E65D2ACC7}
	EndGlobalSection
EndGlobal
