
Microsoft Visual Studio Solution File, Format Version 12.00
# Visual Studio Version 17
VisualStudioVersion = 17.11.35327.3
MinimumVisualStudioVersion = 10.0.40219.1
Project("{FAE04EC0-301F-11D3-BF4B-00C04F79EFBC}") = "ConsoleApp1", "ConsoleApp1.csproj", "{F8694C54-C247-4608-A9B1-C56E4DB2EB62}"
EndProject
Global
	GlobalSection(SolutionConfigurationPlatforms) = preSolution
		Debug|Any CPU = Debug|Any CPU
		Release|Any CPU = Release|Any CPU
	EndGlobalSection
	GlobalSection(ProjectConfigurationPlatforms) = postSolution
		{F8694C54-C247-4608-A9B1-C56E4DB2EB62}.Debug|Any CPU.ActiveCfg = Debug|Any CPU
		{F8694C54-C247-4608-A9B1-C56E4DB2EB62}.Debug|Any CPU.Build.0 = Debug|Any CPU
		{F8694C54-C247-4608-A9B1-C56E4DB2EB62}.Release|Any CPU.ActiveCfg = Release|Any CPU
		{F8694C54-C247-4608-A9B1-C56E4DB2EB62}.Release|Any CPU.Build.0 = Release|Any CPU
	EndGlobalSection
	GlobalSection(SolutionProperties) = preSolution
		HideSolutionNode = FALSE
	EndGlobalSection
	GlobalSection(ExtensibilityGlobals) = postSolution
		SolutionGuid = {C8A4CBD4-CEDF-4215-BD9B-75B2310CA038}
	EndGlobalSection
EndGlobal
