
Microsoft Visual Studio Solution File, Format Version 12.00
# Visual Studio Version 17
VisualStudioVersion = 17.11.35303.130
MinimumVisualStudioVersion = 10.0.40219.1
Project("{FAE04EC0-301F-11D3-BF4B-00C04F79EFBC}") = "EstudoAulaC#ExercicioWhile3", "EstudoAulaC#ExercicioWhile3.csproj", "{6C9E3422-B040-41B2-9C6E-BBDE491CE87E}"
EndProject
Global
	GlobalSection(SolutionConfigurationPlatforms) = preSolution
		Debug|Any CPU = Debug|Any CPU
		Release|Any CPU = Release|Any CPU
	EndGlobalSection
	GlobalSection(ProjectConfigurationPlatforms) = postSolution
		{6C9E3422-B040-41B2-9C6E-BBDE491CE87E}.Debug|Any CPU.ActiveCfg = Debug|Any CPU
		{6C9E3422-B040-41B2-9C6E-BBDE491CE87E}.Debug|Any CPU.Build.0 = Debug|Any CPU
		{6C9E3422-B040-41B2-9C6E-BBDE491CE87E}.Release|Any CPU.ActiveCfg = Release|Any CPU
		{6C9E3422-B040-41B2-9C6E-BBDE491CE87E}.Release|Any CPU.Build.0 = Release|Any CPU
	EndGlobalSection
	GlobalSection(SolutionProperties) = preSolution
		HideSolutionNode = FALSE
	EndGlobalSection
	GlobalSection(ExtensibilityGlobals) = postSolution
		SolutionGuid = {A952846C-AAED-45BF-B25D-AD38A97EC6BD}
	EndGlobalSection
EndGlobal
