
Microsoft Visual Studio Solution File, Format Version 12.00
# Visual Studio Version 17
VisualStudioVersion = 17.11.35303.130
MinimumVisualStudioVersion = 10.0.40219.1
Project("{FAE04EC0-301F-11D3-BF4B-00C04F79EFBC}") = "AulaEstudoC#23Exercício", "AulaEstudoC#23Exercício.csproj", "{F965E02D-DCF7-42A9-9635-6993520A2C93}"
EndProject
Global
	GlobalSection(SolutionConfigurationPlatforms) = preSolution
		Debug|Any CPU = Debug|Any CPU
		Release|Any CPU = Release|Any CPU
	EndGlobalSection
	GlobalSection(ProjectConfigurationPlatforms) = postSolution
		{F965E02D-DCF7-42A9-9635-6993520A2C93}.Debug|Any CPU.ActiveCfg = Debug|Any CPU
		{F965E02D-DCF7-42A9-9635-6993520A2C93}.Debug|Any CPU.Build.0 = Debug|Any CPU
		{F965E02D-DCF7-42A9-9635-6993520A2C93}.Release|Any CPU.ActiveCfg = Release|Any CPU
		{F965E02D-DCF7-42A9-9635-6993520A2C93}.Release|Any CPU.Build.0 = Release|Any CPU
	EndGlobalSection
	GlobalSection(SolutionProperties) = preSolution
		HideSolutionNode = FALSE
	EndGlobalSection
	GlobalSection(ExtensibilityGlobals) = postSolution
		SolutionGuid = {A80E3099-147D-4408-8C15-58EC27610263}
	EndGlobalSection
EndGlobal
